<?xml version="1.0" encoding="utf-8"?>
<Project ToolsVersion="4.0" xmlns="http://schemas.microsoft.com/developer/msbuild/2003">
  <ItemGroup>
    <ClCompile Include="src\WinApi\main.cpp" />
    <ClCompile Include="src\WinApi\window\Win.cpp" />
    <ClCompile Include="src\WinApi\window\Event.cpp" />
  </ItemGroup>
  <ItemGroup>
    <ClInclude Include="src\WinApi\window\Win.h" />
    <ClInclude Include="src\WinApi\Header.h" />
    <ClInclude Include="src\WinApi\window\Event.h" />
  </ItemGroup>
  <ItemGroup>
    <None Include="src\data\dataTeacher" />
  </ItemGroup>
</Project>